
Microsoft Visual Studio Solution File, Format Version 12.00
# Visual Studio Version 17
VisualStudioVersion = 17.10.34916.146
MinimumVisualStudioVersion = 10.0.40219.1
Project("{2150E333-8FDC-42A3-9474-1A3956D46DE8}") = "src", "src", "{37BE4ED1-7176-4482-98A5-4BD3E5D9AE9A}"
EndProject
Project("{2150E333-8FDC-42A3-9474-1A3956D46DE8}") = "Management", "Management", "{B3E5E016-0155-4A71-88EA-82DCA64E033D}"
EndProject
Project("{2150E333-8FDC-42A3-9474-1A3956D46DE8}") = "Dashboard", "Dashboard", "{E1E46C6B-ABB6-45D1-A512-BA40B5FD4CE7}"
EndProject
Project("{2150E333-8FDC-42A3-9474-1A3956D46DE8}") = "BFF", "BFF", "{0D844E78-A7CC-4A70-B909-58C136828EF1}"
EndProject
Project("{2150E333-8FDC-42A3-9474-1A3956D46DE8}") = "Gateway", "Gateway", "{A479AD5B-52C5-4A51-BCE9-4CCBA5BC8E19}"
EndProject
Project("{2150E333-8FDC-42A3-9474-1A3956D46DE8}") = "Auth", "Auth", "{C0178C0A-1398-4634-8646-E3C257850550}"
EndProject
Project("{2150E333-8FDC-42A3-9474-1A3956D46DE8}") = "Tests", "Tests", "{EBBA10A1-A9F8-4CCE-8B82-82C3313E49D0}"
EndProject
Project("{2150E333-8FDC-42A3-9474-1A3956D46DE8}") = "Tests", "Tests", "{E582B9D8-6EBF-4ED3-8A7E-84575FFE729F}"
EndProject
Project("{2150E333-8FDC-42A3-9474-1A3956D46DE8}") = "Tests", "Tests", "{1A760123-AD83-4139-B524-4CD8C03D63B8}"
EndProject
Project("{9A19103F-16F7-4668-BE54-9A1E7A4F7556}") = "OeX.Auth.API", "Auth\OeX.Auth\OeX.Auth.API\OeX.Auth.API.csproj", "{91438AF2-DA3A-478E-ABD1-F63AD661A719}"
EndProject
Project("{9A19103F-16F7-4668-BE54-9A1E7A4F7556}") = "OeX.Auth.Application", "Auth\OeX.Auth\OeX.Auth.Application\OeX.Auth.Application.csproj", "{688CC649-E707-4EC9-8C0B-A0F5C5A3BDA7}"
EndProject
Project("{9A19103F-16F7-4668-BE54-9A1E7A4F7556}") = "OeX.Auth.Domain", "Auth\OeX.Auth\OeX.Auth.Domain\OeX.Auth.Domain.csproj", "{B20C7CF1-69BD-48B2-87AC-F9985BB4FB88}"
EndProject
Project("{9A19103F-16F7-4668-BE54-9A1E7A4F7556}") = "OeX.Auth.Infrastructure", "Auth\OeX.Auth\OeX.Auth.Infrastructure\OeX.Auth.Infrastructure.csproj", "{7A373E4A-D634-43D2-ADFA-873E0DD007F8}"
EndProject
Project("{9A19103F-16F7-4668-BE54-9A1E7A4F7556}") = "OeX.Management.API", "Management\Oex.Management\OeX.Management.API\OeX.Management.API.csproj", "{FB6748A8-84A1-409D-8655-C3E69580D5A7}"
EndProject
Project("{9A19103F-16F7-4668-BE54-9A1E7A4F7556}") = "OeX.Management.Application", "Management\Oex.Management\OeX.Management.Application\OeX.Management.Application.csproj", "{04B8841F-E5D1-4894-A22A-0635336CFFBE}"
EndProject
Project("{9A19103F-16F7-4668-BE54-9A1E7A4F7556}") = "OeX.Management.Domain", "Management\Oex.Management\OeX.Management.Domain\OeX.Management.Domain.csproj", "{D56DCEB5-935C-4DED-9F1C-1D810EF03F13}"
EndProject
Project("{9A19103F-16F7-4668-BE54-9A1E7A4F7556}") = "OeX.Management.Infrastructure", "Management\Oex.Management\OeX.Management.Infrastructure\OeX.Management.Infrastructure.csproj", "{C1125687-AA82-42B4-9483-CACE4AE22E82}"
EndProject
Project("{9A19103F-16F7-4668-BE54-9A1E7A4F7556}") = "OeX.Dashboard.API", "Dashboard\OeX.Dashboard\OeX.Dashboard.API\OeX.Dashboard.API.csproj", "{EF352E08-D4F4-4CD7-A544-5122003FEC9F}"
EndProject
Project("{9A19103F-16F7-4668-BE54-9A1E7A4F7556}") = "OeX.Dashboard.Application", "Dashboard\OeX.Dashboard\OeX.Dashboard.Application\OeX.Dashboard.Application.csproj", "{41CCF96B-B93D-491E-ABB5-D76A4FF04040}"
EndProject
Project("{9A19103F-16F7-4668-BE54-9A1E7A4F7556}") = "OeX.Dashboard.Domain", "Dashboard\OeX.Dashboard\OeX.Dashboard.Domain\OeX.Dashboard.Domain.csproj", "{37F20BAA-6016-44A7-B610-61DBEFCE4DDE}"
EndProject
Project("{9A19103F-16F7-4668-BE54-9A1E7A4F7556}") = "OeX.Dashboard.Infrastructure", "Dashboard\OeX.Dashboard\OeX.Dashboard.Infrastructure\OeX.Dashboard.Infrastructure.csproj", "{6B38B66E-692A-4FB9-942E-971B94241216}"
EndProject
Project("{2150E333-8FDC-42A3-9474-1A3956D46DE8}") = "Consumers", "Consumers", "{ED0AB992-1544-4F9C-A63D-B29B2FFA784B}"
EndProject
Project("{2150E333-8FDC-42A3-9474-1A3956D46DE8}") = "MotivoParada", "MotivoParada", "{36A484D8-2D9C-42C6-AAF3-87F5C409F11F}"
EndProject
Project("{FAE04EC0-301F-11D3-BF4B-00C04F79EFBC}") = "OeX.Dashboard.Consumer.MotivoParada", "Dashboard\Consumers\MotivoParada\OeX.Dashboard.Consumer.MotivoParada\OeX.Dashboard.Consumer.MotivoParada.csproj", "{F4A5F3BD-DDBB-467F-B872-E1883E5B6BED}"
EndProject
Global
	GlobalSection(SolutionConfigurationPlatforms) = preSolution
		Debug|Any CPU = Debug|Any CPU
		Release|Any CPU = Release|Any CPU
	EndGlobalSection
	GlobalSection(ProjectConfigurationPlatforms) = postSolution
		{91438AF2-DA3A-478E-ABD1-F63AD661A719}.Debug|Any CPU.ActiveCfg = Debug|Any CPU
		{91438AF2-DA3A-478E-ABD1-F63AD661A719}.Debug|Any CPU.Build.0 = Debug|Any CPU
		{91438AF2-DA3A-478E-ABD1-F63AD661A719}.Release|Any CPU.ActiveCfg = Release|Any CPU
		{91438AF2-DA3A-478E-ABD1-F63AD661A719}.Release|Any CPU.Build.0 = Release|Any CPU
		{688CC649-E707-4EC9-8C0B-A0F5C5A3BDA7}.Debug|Any CPU.ActiveCfg = Debug|Any CPU
		{688CC649-E707-4EC9-8C0B-A0F5C5A3BDA7}.Debug|Any CPU.Build.0 = Debug|Any CPU
		{688CC649-E707-4EC9-8C0B-A0F5C5A3BDA7}.Release|Any CPU.ActiveCfg = Release|Any CPU
		{688CC649-E707-4EC9-8C0B-A0F5C5A3BDA7}.Release|Any CPU.Build.0 = Release|Any CPU
		{B20C7CF1-69BD-48B2-87AC-F9985BB4FB88}.Debug|Any CPU.ActiveCfg = Debug|Any CPU
		{B20C7CF1-69BD-48B2-87AC-F9985BB4FB88}.Debug|Any CPU.Build.0 = Debug|Any CPU
		{B20C7CF1-69BD-48B2-87AC-F9985BB4FB88}.Release|Any CPU.ActiveCfg = Release|Any CPU
		{B20C7CF1-69BD-48B2-87AC-F9985BB4FB88}.Release|Any CPU.Build.0 = Release|Any CPU
		{7A373E4A-D634-43D2-ADFA-873E0DD007F8}.Debug|Any CPU.ActiveCfg = Debug|Any CPU
		{7A373E4A-D634-43D2-ADFA-873E0DD007F8}.Debug|Any CPU.Build.0 = Debug|Any CPU
		{7A373E4A-D634-43D2-ADFA-873E0DD007F8}.Release|Any CPU.ActiveCfg = Release|Any CPU
		{7A373E4A-D634-43D2-ADFA-873E0DD007F8}.Release|Any CPU.Build.0 = Release|Any CPU
		{FB6748A8-84A1-409D-8655-C3E69580D5A7}.Debug|Any CPU.ActiveCfg = Debug|Any CPU
		{FB6748A8-84A1-409D-8655-C3E69580D5A7}.Debug|Any CPU.Build.0 = Debug|Any CPU
		{FB6748A8-84A1-409D-8655-C3E69580D5A7}.Release|Any CPU.ActiveCfg = Release|Any CPU
		{FB6748A8-84A1-409D-8655-C3E69580D5A7}.Release|Any CPU.Build.0 = Release|Any CPU
		{04B8841F-E5D1-4894-A22A-0635336CFFBE}.Debug|Any CPU.ActiveCfg = Debug|Any CPU
		{04B8841F-E5D1-4894-A22A-0635336CFFBE}.Debug|Any CPU.Build.0 = Debug|Any CPU
		{04B8841F-E5D1-4894-A22A-0635336CFFBE}.Release|Any CPU.ActiveCfg = Release|Any CPU
		{04B8841F-E5D1-4894-A22A-0635336CFFBE}.Release|Any CPU.Build.0 = Release|Any CPU
		{D56DCEB5-935C-4DED-9F1C-1D810EF03F13}.Debug|Any CPU.ActiveCfg = Debug|Any CPU
		{D56DCEB5-935C-4DED-9F1C-1D810EF03F13}.Debug|Any CPU.Build.0 = Debug|Any CPU
		{D56DCEB5-935C-4DED-9F1C-1D810EF03F13}.Release|Any CPU.ActiveCfg = Release|Any CPU
		{D56DCEB5-935C-4DED-9F1C-1D810EF03F13}.Release|Any CPU.Build.0 = Release|Any CPU
		{C1125687-AA82-42B4-9483-CACE4AE22E82}.Debug|Any CPU.ActiveCfg = Debug|Any CPU
		{C1125687-AA82-42B4-9483-CACE4AE22E82}.Debug|Any CPU.Build.0 = Debug|Any CPU
		{C1125687-AA82-42B4-9483-CACE4AE22E82}.Release|Any CPU.ActiveCfg = Release|Any CPU
		{C1125687-AA82-42B4-9483-CACE4AE22E82}.Release|Any CPU.Build.0 = Release|Any CPU
		{EF352E08-D4F4-4CD7-A544-5122003FEC9F}.Debug|Any CPU.ActiveCfg = Debug|Any CPU
		{EF352E08-D4F4-4CD7-A544-5122003FEC9F}.Debug|Any CPU.Build.0 = Debug|Any CPU
		{EF352E08-D4F4-4CD7-A544-5122003FEC9F}.Release|Any CPU.ActiveCfg = Release|Any CPU
		{EF352E08-D4F4-4CD7-A544-5122003FEC9F}.Release|Any CPU.Build.0 = Release|Any CPU
		{41CCF96B-B93D-491E-ABB5-D76A4FF04040}.Debug|Any CPU.ActiveCfg = Debug|Any CPU
		{41CCF96B-B93D-491E-ABB5-D76A4FF04040}.Debug|Any CPU.Build.0 = Debug|Any CPU
		{41CCF96B-B93D-491E-ABB5-D76A4FF04040}.Release|Any CPU.ActiveCfg = Release|Any CPU
		{41CCF96B-B93D-491E-ABB5-D76A4FF04040}.Release|Any CPU.Build.0 = Release|Any CPU
		{37F20BAA-6016-44A7-B610-61DBEFCE4DDE}.Debug|Any CPU.ActiveCfg = Debug|Any CPU
		{37F20BAA-6016-44A7-B610-61DBEFCE4DDE}.Debug|Any CPU.Build.0 = Debug|Any CPU
		{37F20BAA-6016-44A7-B610-61DBEFCE4DDE}.Release|Any CPU.ActiveCfg = Release|Any CPU
		{37F20BAA-6016-44A7-B610-61DBEFCE4DDE}.Release|Any CPU.Build.0 = Release|Any CPU
		{6B38B66E-692A-4FB9-942E-971B94241216}.Debug|Any CPU.ActiveCfg = Debug|Any CPU
		{6B38B66E-692A-4FB9-942E-971B94241216}.Debug|Any CPU.Build.0 = Debug|Any CPU
		{6B38B66E-692A-4FB9-942E-971B94241216}.Release|Any CPU.ActiveCfg = Release|Any CPU
		{6B38B66E-692A-4FB9-942E-971B94241216}.Release|Any CPU.Build.0 = Release|Any CPU
		{F4A5F3BD-DDBB-467F-B872-E1883E5B6BED}.Debug|Any CPU.ActiveCfg = Debug|Any CPU
		{F4A5F3BD-DDBB-467F-B872-E1883E5B6BED}.Debug|Any CPU.Build.0 = Debug|Any CPU
		{F4A5F3BD-DDBB-467F-B872-E1883E5B6BED}.Release|Any CPU.ActiveCfg = Release|Any CPU
		{F4A5F3BD-DDBB-467F-B872-E1883E5B6BED}.Release|Any CPU.Build.0 = Release|Any CPU
	EndGlobalSection
	GlobalSection(SolutionProperties) = preSolution
		HideSolutionNode = FALSE
	EndGlobalSection
	GlobalSection(NestedProjects) = preSolution
		{B3E5E016-0155-4A71-88EA-82DCA64E033D} = {37BE4ED1-7176-4482-98A5-4BD3E5D9AE9A}
		{E1E46C6B-ABB6-45D1-A512-BA40B5FD4CE7} = {37BE4ED1-7176-4482-98A5-4BD3E5D9AE9A}
		{0D844E78-A7CC-4A70-B909-58C136828EF1} = {37BE4ED1-7176-4482-98A5-4BD3E5D9AE9A}
		{A479AD5B-52C5-4A51-BCE9-4CCBA5BC8E19} = {37BE4ED1-7176-4482-98A5-4BD3E5D9AE9A}
		{C0178C0A-1398-4634-8646-E3C257850550} = {37BE4ED1-7176-4482-98A5-4BD3E5D9AE9A}
		{EBBA10A1-A9F8-4CCE-8B82-82C3313E49D0} = {C0178C0A-1398-4634-8646-E3C257850550}
		{E582B9D8-6EBF-4ED3-8A7E-84575FFE729F} = {B3E5E016-0155-4A71-88EA-82DCA64E033D}
		{1A760123-AD83-4139-B524-4CD8C03D63B8} = {E1E46C6B-ABB6-45D1-A512-BA40B5FD4CE7}
		{91438AF2-DA3A-478E-ABD1-F63AD661A719} = {C0178C0A-1398-4634-8646-E3C257850550}
		{688CC649-E707-4EC9-8C0B-A0F5C5A3BDA7} = {C0178C0A-1398-4634-8646-E3C257850550}
		{B20C7CF1-69BD-48B2-87AC-F9985BB4FB88} = {C0178C0A-1398-4634-8646-E3C257850550}
		{7A373E4A-D634-43D2-ADFA-873E0DD007F8} = {C0178C0A-1398-4634-8646-E3C257850550}
		{FB6748A8-84A1-409D-8655-C3E69580D5A7} = {B3E5E016-0155-4A71-88EA-82DCA64E033D}
		{04B8841F-E5D1-4894-A22A-0635336CFFBE} = {B3E5E016-0155-4A71-88EA-82DCA64E033D}
		{D56DCEB5-935C-4DED-9F1C-1D810EF03F13} = {B3E5E016-0155-4A71-88EA-82DCA64E033D}
		{C1125687-AA82-42B4-9483-CACE4AE22E82} = {B3E5E016-0155-4A71-88EA-82DCA64E033D}
		{EF352E08-D4F4-4CD7-A544-5122003FEC9F} = {E1E46C6B-ABB6-45D1-A512-BA40B5FD4CE7}
		{41CCF96B-B93D-491E-ABB5-D76A4FF04040} = {E1E46C6B-ABB6-45D1-A512-BA40B5FD4CE7}
		{37F20BAA-6016-44A7-B610-61DBEFCE4DDE} = {E1E46C6B-ABB6-45D1-A512-BA40B5FD4CE7}
		{6B38B66E-692A-4FB9-942E-971B94241216} = {E1E46C6B-ABB6-45D1-A512-BA40B5FD4CE7}
		{ED0AB992-1544-4F9C-A63D-B29B2FFA784B} = {E1E46C6B-ABB6-45D1-A512-BA40B5FD4CE7}
		{36A484D8-2D9C-42C6-AAF3-87F5C409F11F} = {ED0AB992-1544-4F9C-A63D-B29B2FFA784B}
		{F4A5F3BD-DDBB-467F-B872-E1883E5B6BED} = {36A484D8-2D9C-42C6-AAF3-87F5C409F11F}
	EndGlobalSection
	GlobalSection(ExtensibilityGlobals) = postSolution
		SolutionGuid = {FF1020D3-63BA-483E-BBFF-2D7AFE1662A2}
	EndGlobalSection
EndGlobal
